
Microsoft Visual Studio Solution File, Format Version 12.00
# Visual Studio 15
VisualStudioVersion = 15.0.28010.2026
MinimumVisualStudioVersion = 10.0.40219.1
Project("{FAE04EC0-301F-11D3-BF4B-00C04F79EFBC}") = "EM.Web", "EM.Web\EM.Web.csproj", "{F632F18F-3892-4C25-863C-754D78F4BDDB}"
EndProject
Project("{2150E333-8FDC-42A3-9474-1A3956D46DE8}") = "EM.Services", "EM.Services", "{4E587203-927F-4E72-A24F-873AA09780CC}"
EndProject
Project("{FAE04EC0-301F-11D3-BF4B-00C04F79EFBC}") = "AlphaVantage", "AlphaVantage\AlphaVantage.csproj", "{A1A2875D-61AC-4724-B797-A2E7302B1750}"
EndProject
Project("{FAE04EC0-301F-11D3-BF4B-00C04F79EFBC}") = "FetchService", "FetchService\FetchService.csproj", "{AEEE66DD-A541-469E-AFAB-3638EBA41239}"
EndProject
Project("{FAE04EC0-301F-11D3-BF4B-00C04F79EFBC}") = "EM.Portal", "EM.Portal\EM.Portal.csproj", "{8BC4E087-F8D9-4EC8-BC72-DC67F8B958CC}"
EndProject
Project("{00D1A9C2-B5F0-4AF3-8072-F6C62B433612}") = "TradeDb", "TradeDb\TradeDb.sqlproj", "{E1CDF03C-7FF7-455B-A572-C19D0B7B9C36}"
EndProject
Project("{2150E333-8FDC-42A3-9474-1A3956D46DE8}") = "EM.Databases", "EM.Databases", "{5907FC16-C2FA-4277-B3C3-182E1CA86A20}"
EndProject
Project("{FAE04EC0-301F-11D3-BF4B-00C04F79EFBC}") = "HttpClientConsole", "EM.Services.HttpClientConsole\HttpClientConsole.csproj", "{BC4D0C07-4A11-49B8-96E0-DC6407D7BEB8}"
EndProject
Project("{2150E333-8FDC-42A3-9474-1A3956D46DE8}") = "EM.Contracts", "EM.Contracts", "{6514FB18-6AD3-42A9-A111-30F2A463B98A}"
EndProject
Project("{FAE04EC0-301F-11D3-BF4B-00C04F79EFBC}") = "EM.Contracts.Interfaces", "EM.Contracts.Interfaces\EM.Contracts.Interfaces.csproj", "{970B3F14-E908-454F-B121-8E294F2D50F3}"
EndProject
Project("{FAE04EC0-301F-11D3-BF4B-00C04F79EFBC}") = "EM.Framework", "EM.Framwork\EM.Framework.csproj", "{C7D86C29-311B-448B-AE92-8FC7EC6ED254}"
EndProject
Project("{FAE04EC0-301F-11D3-BF4B-00C04F79EFBC}") = "EM.Entities", "EM.Entities\EM.Entities.csproj", "{4A834176-E9E9-4D07-98EA-56F719576E68}"
EndProject
Project("{00D1A9C2-B5F0-4AF3-8072-F6C62B433612}") = "EMDb", "EMDb\EMDb.sqlproj", "{00DD1D94-D51E-4C0B-B738-5A2F06D07A07}"
EndProject
Project("{FAE04EC0-301F-11D3-BF4B-00C04F79EFBC}") = "EM.Identity", "EM.Identity\EM.Identity.csproj", "{BAB418F5-1423-4593-9FC4-6FF68C680BE1}"
EndProject
Project("{2150E333-8FDC-42A3-9474-1A3956D46DE8}") = "EM.Tools", "EM.Tools", "{52CCE89A-9424-44CD-A8DC-5979994EA376}"
EndProject
Project("{FAE04EC0-301F-11D3-BF4B-00C04F79EFBC}") = "DatabaseHelper", "DatabaseHelper\DatabaseHelper.csproj", "{40941028-0E91-4E62-A6F2-0151A0E5DFD4}"
EndProject
Project("{FAE04EC0-301F-11D3-BF4B-00C04F79EFBC}") = "JsonUtil", "JsonUtil\JsonUtil.csproj", "{B386AFE6-E93D-4EBB-A549-C8635042F205}"
EndProject
Project("{FAE04EC0-301F-11D3-BF4B-00C04F79EFBC}") = "SchemaCompare", "SchemaCompare\SchemaCompare.csproj", "{1680DC96-2FCC-4716-ADF7-1198E5ED2A2A}"
EndProject
Project("{FAE04EC0-301F-11D3-BF4B-00C04F79EFBC}") = "EM.SchemaComparer", "EM.SchemaComparer\EM.SchemaComparer.csproj", "{66202936-4A85-4DC2-90F4-3EA8463CF6B5}"
EndProject
Project("{FAE04EC0-301F-11D3-BF4B-00C04F79EFBC}") = "SchemaComparer", "SchemaComparer\SchemaComparer.csproj", "{0AD80823-C3D2-4C30-B199-0F5B54D58DB6}"
EndProject
Global
	GlobalSection(SolutionConfigurationPlatforms) = preSolution
		Debug|Any CPU = Debug|Any CPU
		Release|Any CPU = Release|Any CPU
	EndGlobalSection
	GlobalSection(ProjectConfigurationPlatforms) = postSolution
		{F632F18F-3892-4C25-863C-754D78F4BDDB}.Debug|Any CPU.ActiveCfg = Debug|Any CPU
		{F632F18F-3892-4C25-863C-754D78F4BDDB}.Debug|Any CPU.Build.0 = Debug|Any CPU
		{F632F18F-3892-4C25-863C-754D78F4BDDB}.Release|Any CPU.ActiveCfg = Release|Any CPU
		{F632F18F-3892-4C25-863C-754D78F4BDDB}.Release|Any CPU.Build.0 = Release|Any CPU
		{A1A2875D-61AC-4724-B797-A2E7302B1750}.Debug|Any CPU.ActiveCfg = Debug|Any CPU
		{A1A2875D-61AC-4724-B797-A2E7302B1750}.Debug|Any CPU.Build.0 = Debug|Any CPU
		{A1A2875D-61AC-4724-B797-A2E7302B1750}.Release|Any CPU.ActiveCfg = Release|Any CPU
		{A1A2875D-61AC-4724-B797-A2E7302B1750}.Release|Any CPU.Build.0 = Release|Any CPU
		{AEEE66DD-A541-469E-AFAB-3638EBA41239}.Debug|Any CPU.ActiveCfg = Debug|Any CPU
		{AEEE66DD-A541-469E-AFAB-3638EBA41239}.Debug|Any CPU.Build.0 = Debug|Any CPU
		{AEEE66DD-A541-469E-AFAB-3638EBA41239}.Release|Any CPU.ActiveCfg = Release|Any CPU
		{AEEE66DD-A541-469E-AFAB-3638EBA41239}.Release|Any CPU.Build.0 = Release|Any CPU
		{8BC4E087-F8D9-4EC8-BC72-DC67F8B958CC}.Debug|Any CPU.ActiveCfg = Debug|Any CPU
		{8BC4E087-F8D9-4EC8-BC72-DC67F8B958CC}.Debug|Any CPU.Build.0 = Debug|Any CPU
		{8BC4E087-F8D9-4EC8-BC72-DC67F8B958CC}.Release|Any CPU.ActiveCfg = Release|Any CPU
		{8BC4E087-F8D9-4EC8-BC72-DC67F8B958CC}.Release|Any CPU.Build.0 = Release|Any CPU
		{E1CDF03C-7FF7-455B-A572-C19D0B7B9C36}.Debug|Any CPU.ActiveCfg = Debug|Any CPU
		{E1CDF03C-7FF7-455B-A572-C19D0B7B9C36}.Debug|Any CPU.Build.0 = Debug|Any CPU
		{E1CDF03C-7FF7-455B-A572-C19D0B7B9C36}.Debug|Any CPU.Deploy.0 = Debug|Any CPU
		{E1CDF03C-7FF7-455B-A572-C19D0B7B9C36}.Release|Any CPU.ActiveCfg = Release|Any CPU
		{E1CDF03C-7FF7-455B-A572-C19D0B7B9C36}.Release|Any CPU.Build.0 = Release|Any CPU
		{E1CDF03C-7FF7-455B-A572-C19D0B7B9C36}.Release|Any CPU.Deploy.0 = Release|Any CPU
		{BC4D0C07-4A11-49B8-96E0-DC6407D7BEB8}.Debug|Any CPU.ActiveCfg = Debug|Any CPU
		{BC4D0C07-4A11-49B8-96E0-DC6407D7BEB8}.Debug|Any CPU.Build.0 = Debug|Any CPU
		{BC4D0C07-4A11-49B8-96E0-DC6407D7BEB8}.Release|Any CPU.ActiveCfg = Release|Any CPU
		{BC4D0C07-4A11-49B8-96E0-DC6407D7BEB8}.Release|Any CPU.Build.0 = Release|Any CPU
		{970B3F14-E908-454F-B121-8E294F2D50F3}.Debug|Any CPU.ActiveCfg = Debug|Any CPU
		{970B3F14-E908-454F-B121-8E294F2D50F3}.Debug|Any CPU.Build.0 = Debug|Any CPU
		{970B3F14-E908-454F-B121-8E294F2D50F3}.Release|Any CPU.ActiveCfg = Release|Any CPU
		{970B3F14-E908-454F-B121-8E294F2D50F3}.Release|Any CPU.Build.0 = Release|Any CPU
		{C7D86C29-311B-448B-AE92-8FC7EC6ED254}.Debug|Any CPU.ActiveCfg = Debug|Any CPU
		{C7D86C29-311B-448B-AE92-8FC7EC6ED254}.Debug|Any CPU.Build.0 = Debug|Any CPU
		{C7D86C29-311B-448B-AE92-8FC7EC6ED254}.Release|Any CPU.ActiveCfg = Release|Any CPU
		{C7D86C29-311B-448B-AE92-8FC7EC6ED254}.Release|Any CPU.Build.0 = Release|Any CPU
		{4A834176-E9E9-4D07-98EA-56F719576E68}.Debug|Any CPU.ActiveCfg = Debug|Any CPU
		{4A834176-E9E9-4D07-98EA-56F719576E68}.Debug|Any CPU.Build.0 = Debug|Any CPU
		{4A834176-E9E9-4D07-98EA-56F719576E68}.Release|Any CPU.ActiveCfg = Release|Any CPU
		{4A834176-E9E9-4D07-98EA-56F719576E68}.Release|Any CPU.Build.0 = Release|Any CPU
		{00DD1D94-D51E-4C0B-B738-5A2F06D07A07}.Debug|Any CPU.ActiveCfg = Debug|Any CPU
		{00DD1D94-D51E-4C0B-B738-5A2F06D07A07}.Debug|Any CPU.Build.0 = Debug|Any CPU
		{00DD1D94-D51E-4C0B-B738-5A2F06D07A07}.Debug|Any CPU.Deploy.0 = Debug|Any CPU
		{00DD1D94-D51E-4C0B-B738-5A2F06D07A07}.Release|Any CPU.ActiveCfg = Release|Any CPU
		{00DD1D94-D51E-4C0B-B738-5A2F06D07A07}.Release|Any CPU.Build.0 = Release|Any CPU
		{00DD1D94-D51E-4C0B-B738-5A2F06D07A07}.Release|Any CPU.Deploy.0 = Release|Any CPU
		{BAB418F5-1423-4593-9FC4-6FF68C680BE1}.Debug|Any CPU.ActiveCfg = Debug|Any CPU
		{BAB418F5-1423-4593-9FC4-6FF68C680BE1}.Debug|Any CPU.Build.0 = Debug|Any CPU
		{BAB418F5-1423-4593-9FC4-6FF68C680BE1}.Release|Any CPU.ActiveCfg = Release|Any CPU
		{BAB418F5-1423-4593-9FC4-6FF68C680BE1}.Release|Any CPU.Build.0 = Release|Any CPU
		{40941028-0E91-4E62-A6F2-0151A0E5DFD4}.Debug|Any CPU.ActiveCfg = Debug|Any CPU
		{40941028-0E91-4E62-A6F2-0151A0E5DFD4}.Debug|Any CPU.Build.0 = Debug|Any CPU
		{40941028-0E91-4E62-A6F2-0151A0E5DFD4}.Release|Any CPU.ActiveCfg = Release|Any CPU
		{40941028-0E91-4E62-A6F2-0151A0E5DFD4}.Release|Any CPU.Build.0 = Release|Any CPU
		{B386AFE6-E93D-4EBB-A549-C8635042F205}.Debug|Any CPU.ActiveCfg = Debug|Any CPU
		{B386AFE6-E93D-4EBB-A549-C8635042F205}.Debug|Any CPU.Build.0 = Debug|Any CPU
		{B386AFE6-E93D-4EBB-A549-C8635042F205}.Release|Any CPU.ActiveCfg = Release|Any CPU
		{B386AFE6-E93D-4EBB-A549-C8635042F205}.Release|Any CPU.Build.0 = Release|Any CPU
		{1680DC96-2FCC-4716-ADF7-1198E5ED2A2A}.Debug|Any CPU.ActiveCfg = Debug|Any CPU
		{1680DC96-2FCC-4716-ADF7-1198E5ED2A2A}.Debug|Any CPU.Build.0 = Debug|Any CPU
		{1680DC96-2FCC-4716-ADF7-1198E5ED2A2A}.Release|Any CPU.ActiveCfg = Release|Any CPU
		{1680DC96-2FCC-4716-ADF7-1198E5ED2A2A}.Release|Any CPU.Build.0 = Release|Any CPU
		{66202936-4A85-4DC2-90F4-3EA8463CF6B5}.Debug|Any CPU.ActiveCfg = Debug|Any CPU
		{66202936-4A85-4DC2-90F4-3EA8463CF6B5}.Debug|Any CPU.Build.0 = Debug|Any CPU
		{66202936-4A85-4DC2-90F4-3EA8463CF6B5}.Release|Any CPU.ActiveCfg = Release|Any CPU
		{66202936-4A85-4DC2-90F4-3EA8463CF6B5}.Release|Any CPU.Build.0 = Release|Any CPU
		{0AD80823-C3D2-4C30-B199-0F5B54D58DB6}.Debug|Any CPU.ActiveCfg = Debug|Any CPU
		{0AD80823-C3D2-4C30-B199-0F5B54D58DB6}.Debug|Any CPU.Build.0 = Debug|Any CPU
		{0AD80823-C3D2-4C30-B199-0F5B54D58DB6}.Release|Any CPU.ActiveCfg = Release|Any CPU
		{0AD80823-C3D2-4C30-B199-0F5B54D58DB6}.Release|Any CPU.Build.0 = Release|Any CPU
	EndGlobalSection
	GlobalSection(SolutionProperties) = preSolution
		HideSolutionNode = FALSE
	EndGlobalSection
	GlobalSection(NestedProjects) = preSolution
		{A1A2875D-61AC-4724-B797-A2E7302B1750} = {4E587203-927F-4E72-A24F-873AA09780CC}
		{AEEE66DD-A541-469E-AFAB-3638EBA41239} = {4E587203-927F-4E72-A24F-873AA09780CC}
		{E1CDF03C-7FF7-455B-A572-C19D0B7B9C36} = {5907FC16-C2FA-4277-B3C3-182E1CA86A20}
		{BC4D0C07-4A11-49B8-96E0-DC6407D7BEB8} = {4E587203-927F-4E72-A24F-873AA09780CC}
		{970B3F14-E908-454F-B121-8E294F2D50F3} = {6514FB18-6AD3-42A9-A111-30F2A463B98A}
		{00DD1D94-D51E-4C0B-B738-5A2F06D07A07} = {5907FC16-C2FA-4277-B3C3-182E1CA86A20}
		{40941028-0E91-4E62-A6F2-0151A0E5DFD4} = {52CCE89A-9424-44CD-A8DC-5979994EA376}
	EndGlobalSection
	GlobalSection(ExtensibilityGlobals) = postSolution
		SolutionGuid = {BD595A5F-F139-4E54-865A-B9A9909D1519}
	EndGlobalSection
EndGlobal
